
Microsoft Visual Studio Solution File, Format Version 12.00
# Visual Studio 2012
Project("{FAE04EC0-301F-11D3-BF4B-00C04F79EFBC}") = "FindU.Lost.DAL", "..\FindU.Lost.DAL\FindU.Lost.DAL.csproj", "{C556C324-98B2-4129-896C-C9AC740F2862}"
EndProject
Project("{FAE04EC0-301F-11D3-BF4B-00C04F79EFBC}") = "FindU.Lost.BLL", "FindU.Lost.BLL\FindU.Lost.BLL.csproj", "{1CF27CC0-ABDF-4752-A3D5-3495F8B3FA8E}"
EndProject
Project("{FAE04EC0-301F-11D3-BF4B-00C04F79EFBC}") = "FindU.Lost.Common", "FindU.Lost.Common\FindU.Lost.Common.csproj", "{0444EA8F-9440-437A-BABB-D16E4B111454}"
EndProject
Project("{FAE04EC0-301F-11D3-BF4B-00C04F79EFBC}") = "FindU.Lost.Web", "FindU.Lost.Web\FindU.Lost.Web.csproj", "{1F0B292E-335C-4FD1-BF98-F1AA8ABF0FC5}"
EndProject
Project("{FAE04EC0-301F-11D3-BF4B-00C04F79EFBC}") = "FindU.Lost.Entity", "FindU.Lost.Entity\FindU.Lost.Entity.csproj", "{E9AD18E5-0327-4EBB-AB02-B000A00C737B}"
EndProject
Global
	GlobalSection(SolutionConfigurationPlatforms) = preSolution
		Debug|Any CPU = Debug|Any CPU
		Release|Any CPU = Release|Any CPU
	EndGlobalSection
	GlobalSection(ProjectConfigurationPlatforms) = postSolution
		{C556C324-98B2-4129-896C-C9AC740F2862}.Debug|Any CPU.ActiveCfg = Debug|Any CPU
		{C556C324-98B2-4129-896C-C9AC740F2862}.Debug|Any CPU.Build.0 = Debug|Any CPU
		{C556C324-98B2-4129-896C-C9AC740F2862}.Release|Any CPU.ActiveCfg = Release|Any CPU
		{C556C324-98B2-4129-896C-C9AC740F2862}.Release|Any CPU.Build.0 = Release|Any CPU
		{1CF27CC0-ABDF-4752-A3D5-3495F8B3FA8E}.Debug|Any CPU.ActiveCfg = Debug|Any CPU
		{1CF27CC0-ABDF-4752-A3D5-3495F8B3FA8E}.Debug|Any CPU.Build.0 = Debug|Any CPU
		{1CF27CC0-ABDF-4752-A3D5-3495F8B3FA8E}.Release|Any CPU.ActiveCfg = Release|Any CPU
		{1CF27CC0-ABDF-4752-A3D5-3495F8B3FA8E}.Release|Any CPU.Build.0 = Release|Any CPU
		{0444EA8F-9440-437A-BABB-D16E4B111454}.Debug|Any CPU.ActiveCfg = Debug|Any CPU
		{0444EA8F-9440-437A-BABB-D16E4B111454}.Debug|Any CPU.Build.0 = Debug|Any CPU
		{0444EA8F-9440-437A-BABB-D16E4B111454}.Release|Any CPU.ActiveCfg = Release|Any CPU
		{0444EA8F-9440-437A-BABB-D16E4B111454}.Release|Any CPU.Build.0 = Release|Any CPU
		{1F0B292E-335C-4FD1-BF98-F1AA8ABF0FC5}.Debug|Any CPU.ActiveCfg = Debug|Any CPU
		{1F0B292E-335C-4FD1-BF98-F1AA8ABF0FC5}.Debug|Any CPU.Build.0 = Debug|Any CPU
		{1F0B292E-335C-4FD1-BF98-F1AA8ABF0FC5}.Release|Any CPU.ActiveCfg = Release|Any CPU
		{1F0B292E-335C-4FD1-BF98-F1AA8ABF0FC5}.Release|Any CPU.Build.0 = Release|Any CPU
		{E9AD18E5-0327-4EBB-AB02-B000A00C737B}.Debug|Any CPU.ActiveCfg = Debug|Any CPU
		{E9AD18E5-0327-4EBB-AB02-B000A00C737B}.Debug|Any CPU.Build.0 = Debug|Any CPU
		{E9AD18E5-0327-4EBB-AB02-B000A00C737B}.Release|Any CPU.ActiveCfg = Release|Any CPU
		{E9AD18E5-0327-4EBB-AB02-B000A00C737B}.Release|Any CPU.Build.0 = Release|Any CPU
	EndGlobalSection
	GlobalSection(SolutionProperties) = preSolution
		HideSolutionNode = FALSE
	EndGlobalSection
EndGlobal
